
Microsoft Visual Studio Solution File, Format Version 12.00
# Visual Studio Version 17
VisualStudioVersion = 17.5.33502.453
MinimumVisualStudioVersion = 10.0.40219.1
Project("{FAE04EC0-301F-11D3-BF4B-00C04F79EFBC}") = "MedusaMixer", "MedusaMixer.csproj", "{BB1E916B-57C6-4E67-943D-31088FD6CDC9}"
EndProject
Global
	GlobalSection(SolutionConfigurationPlatforms) = preSolution
		Debug|Any CPU = Debug|Any CPU
		Release|Any CPU = Release|Any CPU
	EndGlobalSection
	GlobalSection(ProjectConfigurationPlatforms) = postSolution
		{BB1E916B-57C6-4E67-943D-31088FD6CDC9}.Debug|Any CPU.ActiveCfg = Debug|Any CPU
		{BB1E916B-57C6-4E67-943D-31088FD6CDC9}.Debug|Any CPU.Build.0 = Debug|Any CPU
		{BB1E916B-57C6-4E67-943D-31088FD6CDC9}.Release|Any CPU.ActiveCfg = Release|Any CPU
		{BB1E916B-57C6-4E67-943D-31088FD6CDC9}.Release|Any CPU.Build.0 = Release|Any CPU
	EndGlobalSection
	GlobalSection(SolutionProperties) = preSolution
		HideSolutionNode = FALSE
	EndGlobalSection
	GlobalSection(ExtensibilityGlobals) = postSolution
		SolutionGuid = {7175CFC2-90EB-4013-8C1D-5FE7AE163B9B}
	EndGlobalSection
EndGlobal
